
Microsoft Visual Studio Solution File, Format Version 12.00
Project("{FAE04EC0-301F-11D3-BF4B-00C04F79EFBC}") = "NoChat", "NoChat\NoChat.csproj", "{72993500-99EE-46C9-96ED-FE717967AE10}"
EndProject
Project("{FAE04EC0-301F-11D3-BF4B-00C04F79EFBC}") = "AboubiAcrobatics", "AboubiAcrobatics\AboubiAcrobatics.csproj", "{1299AD03-C118-4CA9-A1C9-AD0B395D9812}"
EndProject
Project("{FAE04EC0-301F-11D3-BF4B-00C04F79EFBC}") = "HideUI", "HideUI\HideUI.csproj", "{77B36F51-0BA7-42F4-BF26-4DD06CE6017B}"
EndProject
Project("{FAE04EC0-301F-11D3-BF4B-00C04F79EFBC}") = "SlopeVision", "SlopeVision\SlopeVision.csproj", "{675F7BF0-30C8-4D2C-9B51-FBDA5651EE15}"
EndProject
Project("{FAE04EC0-301F-11D3-BF4B-00C04F79EFBC}") = "RecentlyPlayed", "RecentlyPlayed\RecentlyPlayed.csproj", "{B970EDE2-B6DD-4908-93BC-DBC3BBFDFDD3}"
EndProject
Project("{FAE04EC0-301F-11D3-BF4B-00C04F79EFBC}") = "AboubiUnbound", "AboubiUnbound\AboubiUnbound.csproj", "{7A0F9764-2619-4999-828B-B120D6A60C0B}"
EndProject
Project("{FAE04EC0-301F-11D3-BF4B-00C04F79EFBC}") = "IdentityCrisis", "IdentityCrisis\IdentityCrisis.csproj", "{899F31B3-D4D2-40A9-84CD-7B3A9BDF80C2}"
EndProject
Global
	GlobalSection(SolutionConfigurationPlatforms) = preSolution
		Debug|Any CPU = Debug|Any CPU
		Release|Any CPU = Release|Any CPU
	EndGlobalSection
	GlobalSection(ProjectConfigurationPlatforms) = postSolution
		{72993500-99EE-46C9-96ED-FE717967AE10}.Debug|Any CPU.ActiveCfg = Debug|Any CPU
		{72993500-99EE-46C9-96ED-FE717967AE10}.Release|Any CPU.ActiveCfg = Release|Any CPU
		{72993500-99EE-46C9-96ED-FE717967AE10}.Release|Any CPU.Build.0 = Release|Any CPU
		{72993500-99EE-46C9-96ED-FE717967AE10}.Debug|Any CPU.Build.0 = Debug|Any CPU
		{1299AD03-C118-4CA9-A1C9-AD0B395D9812}.Debug|Any CPU.ActiveCfg = Debug|Any CPU
		{1299AD03-C118-4CA9-A1C9-AD0B395D9812}.Debug|Any CPU.Build.0 = Debug|Any CPU
		{1299AD03-C118-4CA9-A1C9-AD0B395D9812}.Release|Any CPU.ActiveCfg = Release|Any CPU
		{1299AD03-C118-4CA9-A1C9-AD0B395D9812}.Release|Any CPU.Build.0 = Release|Any CPU
		{77B36F51-0BA7-42F4-BF26-4DD06CE6017B}.Debug|Any CPU.ActiveCfg = Debug|Any CPU
		{77B36F51-0BA7-42F4-BF26-4DD06CE6017B}.Debug|Any CPU.Build.0 = Debug|Any CPU
		{77B36F51-0BA7-42F4-BF26-4DD06CE6017B}.Release|Any CPU.ActiveCfg = Release|Any CPU
		{77B36F51-0BA7-42F4-BF26-4DD06CE6017B}.Release|Any CPU.Build.0 = Release|Any CPU
		{675F7BF0-30C8-4D2C-9B51-FBDA5651EE15}.Debug|Any CPU.ActiveCfg = Debug|Any CPU
		{675F7BF0-30C8-4D2C-9B51-FBDA5651EE15}.Debug|Any CPU.Build.0 = Debug|Any CPU
		{675F7BF0-30C8-4D2C-9B51-FBDA5651EE15}.Release|Any CPU.ActiveCfg = Release|Any CPU
		{675F7BF0-30C8-4D2C-9B51-FBDA5651EE15}.Release|Any CPU.Build.0 = Release|Any CPU
		{B970EDE2-B6DD-4908-93BC-DBC3BBFDFDD3}.Debug|Any CPU.ActiveCfg = Debug|Any CPU
		{B970EDE2-B6DD-4908-93BC-DBC3BBFDFDD3}.Debug|Any CPU.Build.0 = Debug|Any CPU
		{B970EDE2-B6DD-4908-93BC-DBC3BBFDFDD3}.Release|Any CPU.ActiveCfg = Release|Any CPU
		{B970EDE2-B6DD-4908-93BC-DBC3BBFDFDD3}.Release|Any CPU.Build.0 = Release|Any CPU
		{7A0F9764-2619-4999-828B-B120D6A60C0B}.Debug|Any CPU.ActiveCfg = Debug|Any CPU
		{7A0F9764-2619-4999-828B-B120D6A60C0B}.Debug|Any CPU.Build.0 = Debug|Any CPU
		{7A0F9764-2619-4999-828B-B120D6A60C0B}.Release|Any CPU.ActiveCfg = Release|Any CPU
		{7A0F9764-2619-4999-828B-B120D6A60C0B}.Release|Any CPU.Build.0 = Release|Any CPU
		{899F31B3-D4D2-40A9-84CD-7B3A9BDF80C2}.Debug|Any CPU.ActiveCfg = Debug|Any CPU
		{899F31B3-D4D2-40A9-84CD-7B3A9BDF80C2}.Debug|Any CPU.Build.0 = Debug|Any CPU
		{899F31B3-D4D2-40A9-84CD-7B3A9BDF80C2}.Release|Any CPU.ActiveCfg = Release|Any CPU
		{899F31B3-D4D2-40A9-84CD-7B3A9BDF80C2}.Release|Any CPU.Build.0 = Release|Any CPU
	EndGlobalSection
EndGlobal
